
Microsoft Visual Studio Solution File, Format Version 12.00
# Visual Studio Version 17
VisualStudioVersion = 17.8.34408.163
MinimumVisualStudioVersion = 10.0.40219.1
Project("{FAE04EC0-301F-11D3-BF4B-00C04F79EFBC}") = "MODUL_3_1302223138", "MODUL_3_1302223138\MODUL_3_1302223138.csproj", "{388F761B-6B94-4176-975E-F9C3796C086A}"
EndProject
Global
	GlobalSection(SolutionConfigurationPlatforms) = preSolution
		Debug|Any CPU = Debug|Any CPU
		Release|Any CPU = Release|Any CPU
	EndGlobalSection
	GlobalSection(ProjectConfigurationPlatforms) = postSolution
		{388F761B-6B94-4176-975E-F9C3796C086A}.Debug|Any CPU.ActiveCfg = Debug|Any CPU
		{388F761B-6B94-4176-975E-F9C3796C086A}.Debug|Any CPU.Build.0 = Debug|Any CPU
		{388F761B-6B94-4176-975E-F9C3796C086A}.Release|Any CPU.ActiveCfg = Release|Any CPU
		{388F761B-6B94-4176-975E-F9C3796C086A}.Release|Any CPU.Build.0 = Release|Any CPU
	EndGlobalSection
	GlobalSection(SolutionProperties) = preSolution
		HideSolutionNode = FALSE
	EndGlobalSection
	GlobalSection(ExtensibilityGlobals) = postSolution
		SolutionGuid = {F75971F7-10B7-444A-9299-6C709FC31371}
	EndGlobalSection
EndGlobal
